# This file is automatically @generated by Cargo.
# It is not intended for manual editing.
version = 4

[[package]]
name = "vc-audio"
version = "0.1.0"

[[package]]
name = "vc-cli"
version = "0.1.0"
dependencies = [
 "vc-core",
 "vc-ipc",
]

[[package]]
name = "vc-core"
version = "0.1.0"

[[package]]
name = "vc-daemon"
version = "0.1.0"
dependencies = [
 "vc-core",
 "vc-ipc",
]

[[package]]
name = "vc-ipc"
version = "0.1.0"

[[package]]
name = "vc-sinks"
version = "0.1.0"

[[package]]
name = "vc-stt"
version = "0.1.0"
